
Microsoft Visual Studio Solution File, Format Version 12.00
# Visual Studio Version 16
VisualStudioVersion = 16.0.28922.388
MinimumVisualStudioVersion = 10.0.40219.1
Project("{FAE04EC0-301F-11D3-BF4B-00C04F79EFBC}") = "MyFitness.BL", "MyFitness.BL\MyFitness.BL.csproj", "{E3D34D73-B2C4-4769-832D-3B8E4B3EDA43}"
EndProject
Project("{FAE04EC0-301F-11D3-BF4B-00C04F79EFBC}") = "МуFitness.CMD", "МуFitness.CMD\МуFitness.CMD.csproj", "{A8B7D80F-2D8E-4F84-B729-48A516D8200D}"
EndProject
Project("{FAE04EC0-301F-11D3-BF4B-00C04F79EFBC}") = "MyFitness.BLTests", "MyFitness.BLTests\MyFitness.BLTests.csproj", "{72DBD765-33B5-416C-8D93-20AF89D3F263}"
EndProject
Global
	GlobalSection(SolutionConfigurationPlatforms) = preSolution
		Debug|Any CPU = Debug|Any CPU
		Release|Any CPU = Release|Any CPU
	EndGlobalSection
	GlobalSection(ProjectConfigurationPlatforms) = postSolution
		{E3D34D73-B2C4-4769-832D-3B8E4B3EDA43}.Debug|Any CPU.ActiveCfg = Debug|Any CPU
		{E3D34D73-B2C4-4769-832D-3B8E4B3EDA43}.Debug|Any CPU.Build.0 = Debug|Any CPU
		{E3D34D73-B2C4-4769-832D-3B8E4B3EDA43}.Release|Any CPU.ActiveCfg = Release|Any CPU
		{E3D34D73-B2C4-4769-832D-3B8E4B3EDA43}.Release|Any CPU.Build.0 = Release|Any CPU
		{A8B7D80F-2D8E-4F84-B729-48A516D8200D}.Debug|Any CPU.ActiveCfg = Debug|Any CPU
		{A8B7D80F-2D8E-4F84-B729-48A516D8200D}.Debug|Any CPU.Build.0 = Debug|Any CPU
		{A8B7D80F-2D8E-4F84-B729-48A516D8200D}.Release|Any CPU.ActiveCfg = Release|Any CPU
		{A8B7D80F-2D8E-4F84-B729-48A516D8200D}.Release|Any CPU.Build.0 = Release|Any CPU
		{72DBD765-33B5-416C-8D93-20AF89D3F263}.Debug|Any CPU.ActiveCfg = Debug|Any CPU
		{72DBD765-33B5-416C-8D93-20AF89D3F263}.Debug|Any CPU.Build.0 = Debug|Any CPU
		{72DBD765-33B5-416C-8D93-20AF89D3F263}.Release|Any CPU.ActiveCfg = Release|Any CPU
		{72DBD765-33B5-416C-8D93-20AF89D3F263}.Release|Any CPU.Build.0 = Release|Any CPU
	EndGlobalSection
	GlobalSection(SolutionProperties) = preSolution
		HideSolutionNode = FALSE
	EndGlobalSection
	GlobalSection(ExtensibilityGlobals) = postSolution
		SolutionGuid = {78D3680F-E545-4143-9321-FE19034EBEDE}
	EndGlobalSection
EndGlobal
